
Microsoft Visual Studio Solution File, Format Version 12.00
# Visual Studio Version 17
VisualStudioVersion = 17.12.35527.113
MinimumVisualStudioVersion = 10.0.40219.1
Project("{FAE04EC0-301F-11D3-BF4B-00C04F79EFBC}") = "Models", "Models\Models.csproj", "{9B543304-3005-4E0D-AA35-6D3E900EDE79}"
EndProject
Project("{FAE04EC0-301F-11D3-BF4B-00C04F79EFBC}") = "Repositories", "Repositories\Repositories.csproj", "{ECC13500-442F-4296-92B2-249B596510B0}"
EndProject
Project("{FAE04EC0-301F-11D3-BF4B-00C04F79EFBC}") = "DataAccess", "DataAccess\DataAccess.csproj", "{E6DDC46C-30C4-4C13-8EDF-C0C08746F58A}"
EndProject
Project("{FAE04EC0-301F-11D3-BF4B-00C04F79EFBC}") = "Handly", "Handly\Handly.csproj", "{72A684A5-3799-44B4-9315-28D7CE7D4A73}"
EndProject
Global
	GlobalSection(SolutionConfigurationPlatforms) = preSolution
		Debug|Any CPU = Debug|Any CPU
		Release|Any CPU = Release|Any CPU
	EndGlobalSection
	GlobalSection(ProjectConfigurationPlatforms) = postSolution
		{9B543304-3005-4E0D-AA35-6D3E900EDE79}.Debug|Any CPU.ActiveCfg = Debug|Any CPU
		{9B543304-3005-4E0D-AA35-6D3E900EDE79}.Debug|Any CPU.Build.0 = Debug|Any CPU
		{9B543304-3005-4E0D-AA35-6D3E900EDE79}.Release|Any CPU.ActiveCfg = Release|Any CPU
		{9B543304-3005-4E0D-AA35-6D3E900EDE79}.Release|Any CPU.Build.0 = Release|Any CPU
		{ECC13500-442F-4296-92B2-249B596510B0}.Debug|Any CPU.ActiveCfg = Debug|Any CPU
		{ECC13500-442F-4296-92B2-249B596510B0}.Debug|Any CPU.Build.0 = Debug|Any CPU
		{ECC13500-442F-4296-92B2-249B596510B0}.Release|Any CPU.ActiveCfg = Release|Any CPU
		{ECC13500-442F-4296-92B2-249B596510B0}.Release|Any CPU.Build.0 = Release|Any CPU
		{E6DDC46C-30C4-4C13-8EDF-C0C08746F58A}.Debug|Any CPU.ActiveCfg = Debug|Any CPU
		{E6DDC46C-30C4-4C13-8EDF-C0C08746F58A}.Debug|Any CPU.Build.0 = Debug|Any CPU
		{E6DDC46C-30C4-4C13-8EDF-C0C08746F58A}.Release|Any CPU.ActiveCfg = Release|Any CPU
		{E6DDC46C-30C4-4C13-8EDF-C0C08746F58A}.Release|Any CPU.Build.0 = Release|Any CPU
		{72A684A5-3799-44B4-9315-28D7CE7D4A73}.Debug|Any CPU.ActiveCfg = Debug|Any CPU
		{72A684A5-3799-44B4-9315-28D7CE7D4A73}.Debug|Any CPU.Build.0 = Debug|Any CPU
		{72A684A5-3799-44B4-9315-28D7CE7D4A73}.Release|Any CPU.ActiveCfg = Release|Any CPU
		{72A684A5-3799-44B4-9315-28D7CE7D4A73}.Release|Any CPU.Build.0 = Release|Any CPU
	EndGlobalSection
	GlobalSection(SolutionProperties) = preSolution
		HideSolutionNode = FALSE
	EndGlobalSection
EndGlobal
